// !$*UTF8*$!
{
	archiveVersion = 1;
	classes = {
	};
	objectVersion = 46;
	objects = {

/* Begin PBXBuildFile section */
		7BDB506917FCF44200A9CDCB /* main.c in Sources */ = {isa = PBXBuildFile; fileRef = DEC87F85150652C900A90594 /* main.c */; };
		DEC87F86150652C900A90594 /* main.c in Sources */ = {isa = PBXBuildFile; fileRef = DEC87F85150652C900A90594 /* main.c */; };
/* End PBXBuildFile section */

/* Begin PBXCopyFilesBuildPhase section */
		7BDB506B17FCF44200A9CDCB /* CopyFiles */ = {
			isa = PBXCopyFilesBuildPhase;
			buildActionMask = 2147483647;
			dstPath = /usr/share/man/man1/;
			dstSubfolderSpec = 0;
			files = (
			);
			runOnlyForDeploymentPostprocessing = 1;
		};
		DEC87F7F150652C900A90594 /* CopyFiles */ = {
			isa = PBXCopyFilesBuildPhase;
			buildActionMask = 2147483647;
			dstPath = /usr/share/man/man1/;
			dstSubfolderSpec = 0;
			files = (
			);
			runOnlyForDeploymentPostprocessing = 1;
		};
/* End PBXCopyFilesBuildPhase section */

/* Begin PBXFileReference section */
		7BDB506F17FCF44200A9CDCB /* readmemios */ = {isa = PBXFileReference; explicitFileType = "compiled.mach-o.executable"; includeInIndex = 0; path = readmemios; sourceTree = BUILT_PRODUCTS_DIR; };
		DE9901E2150657BD00AB3495 /* Entitlements.plist */ = {isa = PBXFileReference; fileEncoding = 4; lastKnownFileType = text.plist.xml; path = Entitlements.plist; sourceTree = "<group>"; };
		DE9901E71506E24600AB3495 /* README */ = {isa = PBXFileReference; fileEncoding = 4; lastKnownFileType = text; path = README; sourceTree = "<group>"; };
		DEC87F81150652C900A90594 /* readmem */ = {isa = PBXFileReference; explicitFileType = "compiled.mach-o.executable"; includeInIndex = 0; path = readmem; sourceTree = BUILT_PRODUCTS_DIR; };
		DEC87F85150652C900A90594 /* main.c */ = {isa = PBXFileReference; lastKnownFileType = sourcecode.c.c; path = main.c; sourceTree = "<group>"; };
/* End PBXFileReference section */

/* Begin PBXFrameworksBuildPhase section */
		7BDB506A17FCF44200A9CDCB /* Frameworks */ = {
			isa = PBXFrameworksBuildPhase;
			buildActionMask = 2147483647;
			files = (
			);
			runOnlyForDeploymentPostprocessing = 0;
		};
		DEC87F7E150652C900A90594 /* Frameworks */ = {
			isa = PBXFrameworksBuildPhase;
			buildActionMask = 2147483647;
			files = (
			);
			runOnlyForDeploymentPostprocessing = 0;
		};
/* End PBXFrameworksBuildPhase section */

/* Begin PBXGroup section */
		DEC87F76150652C900A90594 = {
			isa = PBXGroup;
			children = (
				DE9901E2150657BD00AB3495 /* Entitlements.plist */,
				DE9901E71506E24600AB3495 /* README */,
				DEC87F84150652C900A90594 /* readmem */,
				DEC87F82150652C900A90594 /* Products */,
			);
			sourceTree = "<group>";
		};
		DEC87F82150652C900A90594 /* Products */ = {
			isa = PBXGroup;
			children = (
				DEC87F81150652C900A90594 /* readmem */,
				7BDB506F17FCF44200A9CDCB /* readmemios */,
			);
			name = Products;
			sourceTree = "<group>";
		};
		DEC87F84150652C900A90594 /* readmem */ = {
			isa = PBXGroup;
			children = (
				DEC87F85150652C900A90594 /* main.c */,
			);
			path = readmem;
			sourceTree = "<group>";
		};
/* End PBXGroup section */

/* Begin PBXNativeTarget section */
		7BDB506717FCF44200A9CDCB /* readmemios */ = {
			isa = PBXNativeTarget;
			buildConfigurationList = 7BDB506C17FCF44200A9CDCB /* Build configuration list for PBXNativeTarget "readmemios" */;
			buildPhases = (
				7BDB506817FCF44200A9CDCB /* Sources */,
				7BDB506A17FCF44200A9CDCB /* Frameworks */,
				7BDB506B17FCF44200A9CDCB /* CopyFiles */,
			);
			buildRules = (
			);
			dependencies = (
			);
			name = readmemios;
			productName = readmem;
			productReference = 7BDB506F17FCF44200A9CDCB /* readmemios */;
			productType = "com.apple.product-type.tool";
		};
		DEC87F80150652C900A90594 /* readmem */ = {
			isa = PBXNativeTarget;
			buildConfigurationList = DEC87F8B150652C900A90594 /* Build configuration list for PBXNativeTarget "readmem" */;
			buildPhases = (
				DEC87F7D150652C900A90594 /* Sources */,
				DEC87F7E150652C900A90594 /* Frameworks */,
				DEC87F7F150652C900A90594 /* CopyFiles */,
			);
			buildRules = (
			);
			dependencies = (
			);
			name = readmem;
			productName = readmem;
			productReference = DEC87F81150652C900A90594 /* readmem */;
			productType = "com.apple.product-type.tool";
		};
/* End PBXNativeTarget section */

/* Begin PBXProject section */
		DEC87F78150652C900A90594 /* Project object */ = {
			isa = PBXProject;
			attributes = {
				LastUpgradeCheck = 0420;
			};
			buildConfigurationList = DEC87F7B150652C900A90594 /* Build configuration list for PBXProject "readmem" */;
			compatibilityVersion = "Xcode 3.2";
			developmentRegion = English;
			hasScannedForEncodings = 0;
			knownRegions = (
				en,
			);
			mainGroup = DEC87F76150652C900A90594;
			productRefGroup = DEC87F82150652C900A90594 /* Products */;
			projectDirPath = "";
			projectRoot = "";
			targets = (
				DEC87F80150652C900A90594 /* readmem */,
				7BDB506717FCF44200A9CDCB /* readmemios */,
			);
		};
/* End PBXProject section */

/* Begin PBXSourcesBuildPhase section */
		7BDB506817FCF44200A9CDCB /* Sources */ = {
			isa = PBXSourcesBuildPhase;
			buildActionMask = 2147483647;
			files = (
				7BDB506917FCF44200A9CDCB /* main.c in Sources */,
			);
			runOnlyForDeploymentPostprocessing = 0;
		};
		DEC87F7D150652C900A90594 /* Sources */ = {
			isa = PBXSourcesBuildPhase;
			buildActionMask = 2147483647;
			files = (
				DEC87F86150652C900A90594 /* main.c in Sources */,
			);
			runOnlyForDeploymentPostprocessing = 0;
		};
/* End PBXSourcesBuildPhase section */

/* Begin XCBuildConfiguration section */
		7BDB506D17FCF44200A9CDCB /* Debug */ = {
			isa = XCBuildConfiguration;
			buildSettings = {
				ARCHS = "$(ARCHS_STANDARD_32_64_BIT)";
				CODE_SIGN_ENTITLEMENTS = Entitlements.plist;
				CODE_SIGN_IDENTITY = "";
				GCC_VERSION = "";
				IPHONEOS_DEPLOYMENT_TARGET = 6.0;
				ONLY_ACTIVE_ARCH = YES;
				PRODUCT_NAME = readmemios;
				SDKROOT = iphoneos7.0;
			};
			name = Debug;
		};
		7BDB506E17FCF44200A9CDCB /* Release */ = {
			isa = XCBuildConfiguration;
			buildSettings = {
				ARCHS = "$(ARCHS_STANDARD_32_64_BIT)";
				CODE_SIGN_ENTITLEMENTS = Entitlements.plist;
				CODE_SIGN_IDENTITY = "";
				IPHONEOS_DEPLOYMENT_TARGET = 6.0;
				ONLY_ACTIVE_ARCH = NO;
				PRODUCT_NAME = readmemios;
				SDKROOT = iphoneos7.0;
			};
			name = Release;
		};
		DEC87F89150652C900A90594 /* Debug */ = {
			isa = XCBuildConfiguration;
			buildSettings = {
				ALWAYS_SEARCH_USER_PATHS = NO;
				ARCHS = "$(ARCHS_STANDARD_32_64_BIT)";
				COPY_PHASE_STRIP = NO;
				GCC_C_LANGUAGE_STANDARD = gnu99;
				GCC_DYNAMIC_NO_PIC = NO;
				GCC_ENABLE_OBJC_EXCEPTIONS = YES;
				GCC_OPTIMIZATION_LEVEL = 0;
				GCC_PREPROCESSOR_DEFINITIONS = (
					"DEBUG=1",
					"$(inherited)",
				);
				GCC_SYMBOLS_PRIVATE_EXTERN = NO;
				GCC_VERSION = "";
				GCC_WARN_64_TO_32_BIT_CONVERSION = YES;
				GCC_WARN_ABOUT_MISSING_PROTOTYPES = YES;
				GCC_WARN_ABOUT_RETURN_TYPE = YES;
				GCC_WARN_UNUSED_VARIABLE = YES;
				MACOSX_DEPLOYMENT_TARGET = 10.6;
				ONLY_ACTIVE_ARCH = YES;
				SDKROOT = macosx;
			};
			name = Debug;
		};
		DEC87F8A150652C900A90594 /* Release */ = {
			isa = XCBuildConfiguration;
			buildSettings = {
				ALWAYS_SEARCH_USER_PATHS = NO;
				ARCHS = "$(ARCHS_STANDARD_32_64_BIT)";
				COPY_PHASE_STRIP = YES;
				DEBUG_INFORMATION_FORMAT = "dwarf-with-dsym";
				GCC_C_LANGUAGE_STANDARD = gnu99;
				GCC_ENABLE_OBJC_EXCEPTIONS = YES;
				GCC_VERSION = "";
				GCC_WARN_64_TO_32_BIT_CONVERSION = YES;
				GCC_WARN_ABOUT_MISSING_PROTOTYPES = YES;
				GCC_WARN_ABOUT_RETURN_TYPE = YES;
				GCC_WARN_UNUSED_VARIABLE = YES;
				MACOSX_DEPLOYMENT_TARGET = 10.6;
				SDKROOT = macosx;
			};
			name = Release;
		};
		DEC87F8C150652C900A90594 /* Debug */ = {
			isa = XCBuildConfiguration;
			buildSettings = {
				ARCHS = "$(ARCHS_STANDARD_32_64_BIT)";
				CODE_SIGN_ENTITLEMENTS = Entitlements.plist;
				CODE_SIGN_IDENTITY = "";
				GCC_VERSION = "";
				IPHONEOS_DEPLOYMENT_TARGET = 6.0;
				ONLY_ACTIVE_ARCH = YES;
				PRODUCT_NAME = "$(TARGET_NAME)";
				SDKROOT = macosx;
			};
			name = Debug;
		};
		DEC87F8D150652C900A90594 /* Release */ = {
			isa = XCBuildConfiguration;
			buildSettings = {
				ARCHS = "$(ARCHS_STANDARD_32_64_BIT)";
				CODE_SIGN_ENTITLEMENTS = Entitlements.plist;
				CODE_SIGN_IDENTITY = "";
				IPHONEOS_DEPLOYMENT_TARGET = 6.0;
				ONLY_ACTIVE_ARCH = NO;
				PRODUCT_NAME = "$(TARGET_NAME)";
				SDKROOT = macosx;
			};
			name = Release;
		};
/* End XCBuildConfiguration section */

/* Begin XCConfigurationList section */
		7BDB506C17FCF44200A9CDCB /* Build configuration list for PBXNativeTarget "readmemios" */ = {
			isa = XCConfigurationList;
			buildConfigurations = (
				7BDB506D17FCF44200A9CDCB /* Debug */,
				7BDB506E17FCF44200A9CDCB /* Release */,
			);
			defaultConfigurationIsVisible = 0;
			defaultConfigurationName = Release;
		};
		DEC87F7B150652C900A90594 /* Build configuration list for PBXProject "readmem" */ = {
			isa = XCConfigurationList;
			buildConfigurations = (
				DEC87F89150652C900A90594 /* Debug */,
				DEC87F8A150652C900A90594 /* Release */,
			);
			defaultConfigurationIsVisible = 0;
			defaultConfigurationName = Release;
		};
		DEC87F8B150652C900A90594 /* Build configuration list for PBXNativeTarget "readmem" */ = {
			isa = XCConfigurationList;
			buildConfigurations = (
				DEC87F8C150652C900A90594 /* Debug */,
				DEC87F8D150652C900A90594 /* Release */,
			);
			defaultConfigurationIsVisible = 0;
			defaultConfigurationName = Release;
		};
/* End XCConfigurationList section */
	};
	rootObject = DEC87F78150652C900A90594 /* Project object */;
}
